
Microsoft Visual Studio Solution File, Format Version 12.00
# Visual Studio 15
VisualStudioVersion = 15.0.28307.106
MinimumVisualStudioVersion = 10.0.40219.1
Project("{8BC9CEB8-8B4A-11D0-8D11-00A0C91BC942}") = "Inheritans", "Inheritans\Inheritans.vcxproj", "{74B66F60-12D2-4A28-896E-CABA9643FD5E}"
EndProject
Global
	GlobalSection(SolutionConfigurationPlatforms) = preSolution
		Debug|x64 = Debug|x64
		Debug|x86 = Debug|x86
		Release|x64 = Release|x64
		Release|x86 = Release|x86
	EndGlobalSection
	GlobalSection(ProjectConfigurationPlatforms) = postSolution
		{74B66F60-12D2-4A28-896E-CABA9643FD5E}.Debug|x64.ActiveCfg = Debug|x64
		{74B66F60-12D2-4A28-896E-CABA9643FD5E}.Debug|x64.Build.0 = Debug|x64
		{74B66F60-12D2-4A28-896E-CABA9643FD5E}.Debug|x86.ActiveCfg = Debug|Win32
		{74B66F60-12D2-4A28-896E-CABA9643FD5E}.Debug|x86.Build.0 = Debug|Win32
		{74B66F60-12D2-4A28-896E-CABA9643FD5E}.Release|x64.ActiveCfg = Release|x64
		{74B66F60-12D2-4A28-896E-CABA9643FD5E}.Release|x64.Build.0 = Release|x64
		{74B66F60-12D2-4A28-896E-CABA9643FD5E}.Release|x86.ActiveCfg = Release|Win32
		{74B66F60-12D2-4A28-896E-CABA9643FD5E}.Release|x86.Build.0 = Release|Win32
	EndGlobalSection
	GlobalSection(SolutionProperties) = preSolution
		HideSolutionNode = FALSE
	EndGlobalSection
	GlobalSection(ExtensibilityGlobals) = postSolution
		SolutionGuid = {79507965-8666-40C3-90B5-CA2840DD8142}
	EndGlobalSection
EndGlobal
